version = 1
revision = 3
requires-python = ">=3.3"
resolution-markers = [
    "python_full_version >= '3.9'",
    "python_full_version >= '3.6' and python_full_version < '3.9'",
    "python_full_version >= '3.4' and python_full_version < '3.6'",
    "python_full_version < '3.4'",
]

[[package]]
name = "peewee"
version = "4.1.0"
source = { registry = "https://pypi.org/simple" }
sdist = { url = "https://files.pythonhosted.org/packages/8e/57/19440fc02ffd66c0c1a92da1f3a28e17bd4fa1099f8152fd08f1bbe43991/peewee-4.1.0.tar.gz", hash = "sha256:58090f75c58a5e9e9e43b6265c5a17a46ae1797c51b7554d24577dcff11e8515", size = 752243, upload-time = "2026-06-16T14:40:05.264Z" }
wheels = [
    { url = "https://files.pythonhosted.org/packages/cd/dd/fbc5bbaf69eea289182e03d3120b301b19559ccc887053105001a2ace155/peewee-4.1.0-py3-none-any.whl", hash = "sha256:222aec3df487045dd5deaff08fd8984f956af538df7e13cc2e63815968e25ac7", size = 155074, upload-time = "2026-06-16T14:40:04.06Z" },
]

[[package]]
name = "stmcli"
version = "1.2.2"
source = { virtual = "." }
dependencies = [
    { name = "peewee" },
    { name = "unicodecsv" },
    { name = "xmltodict", version = "0.12.0", source = { registry = "https://pypi.org/simple" }, marker = "python_full_version < '3.4'" },
    { name = "xmltodict", version = "0.13.0", source = { registry = "https://pypi.org/simple" }, marker = "python_full_version >= '3.4' and python_full_version < '3.6'" },
    { name = "xmltodict", version = "0.15.0", source = { registry = "https://pypi.org/simple" }, marker = "python_full_version >= '3.6' and python_full_version < '3.9'" },
    { name = "xmltodict", version = "1.0.4", source = { registry = "https://pypi.org/simple" }, marker = "python_full_version >= '3.9'" },
]

[package.metadata]
requires-dist = [
    { name = "peewee" },
    { name = "unicodecsv" },
    { name = "xmltodict" },
]

[[package]]
name = "unicodecsv"
version = "0.14.1"
source = { registry = "https://pypi.org/simple" }
sdist = { url = "https://files.pythonhosted.org/packages/6f/a4/691ab63b17505a26096608cc309960b5a6bdf39e4ba1a793d5f9b1a53270/unicodecsv-0.14.1.tar.gz", hash = "sha256:018c08037d48649a0412063ff4eda26eaa81eff1546dbffa51fa5293276ff7fc", size = 10267, upload-time = "2015-09-22T22:00:19.516Z" }

[[package]]
name = "xmltodict"
version = "0.12.0"
source = { registry = "https://pypi.org/simple" }
resolution-markers = [
    "python_full_version < '3.4'",
]
sdist = { url = "https://files.pythonhosted.org/packages/58/40/0d783e14112e064127063fbf5d1fe1351723e5dfe9d6daad346a305f6c49/xmltodict-0.12.0.tar.gz", hash = "sha256:50d8c638ed7ecb88d90561beedbf720c9b4e851a9fa6c47ebd64e99d166d8a21", size = 18481, upload-time = "2019-02-11T07:00:24.529Z" }
wheels = [
    { url = "https://files.pythonhosted.org/packages/28/fd/30d5c1d3ac29ce229f6bdc40bbc20b28f716e8b363140c26eff19122d8a5/xmltodict-0.12.0-py2.py3-none-any.whl", hash = "sha256:8bbcb45cc982f48b2ca8fe7e7827c5d792f217ecf1792626f808bf41c3b86051", size = 9170, upload-time = "2019-02-11T07:00:26.288Z" },
]

[[package]]
name = "xmltodict"
version = "0.13.0"
source = { registry = "https://pypi.org/simple" }
resolution-markers = [
    "python_full_version >= '3.4' and python_full_version < '3.6'",
]
sdist = { url = "https://files.pythonhosted.org/packages/39/0d/40df5be1e684bbaecdb9d1e0e40d5d482465de6b00cbb92b84ee5d243c7f/xmltodict-0.13.0.tar.gz", hash = "sha256:341595a488e3e01a85a9d8911d8912fd922ede5fecc4dce437eb4b6c8d037e56", size = 33813, upload-time = "2022-05-08T07:00:04.916Z" }
wheels = [
    { url = "https://files.pythonhosted.org/packages/94/db/fd0326e331726f07ff7f40675cd86aa804bfd2e5016c727fa761c934990e/xmltodict-0.13.0-py2.py3-none-any.whl", hash = "sha256:aa89e8fd76320154a40d19a0df04a4695fb9dc5ba977cbb68ab3e4eb225e7852", size = 9971, upload-time = "2022-05-08T07:00:02.898Z" },
]

[[package]]
name = "xmltodict"
version = "0.15.0"
source = { registry = "https://pypi.org/simple" }
resolution-markers = [
    "python_full_version >= '3.6' and python_full_version < '3.9'",
]
sdist = { url = "https://files.pythonhosted.org/packages/51/ee/b30fdb281b39da57053bd7012870989de6f066d6ef1476d78de8fc427324/xmltodict-0.15.0.tar.gz", hash = "sha256:c6d46b4e3413d1e4fc3e5016f0f1c7a5c10f8ce39efaa0cb099af986ecfc9a53", size = 60285, upload-time = "2025-09-05T00:35:45.947Z" }
wheels = [
    { url = "https://files.pythonhosted.org/packages/d6/56/507a207b96e3aa7365c28bb6702011e7c76c899c1737966b25852eaef3e8/xmltodict-0.15.0-py2.py3-none-any.whl", hash = "sha256:8887783bf1faba1754fc45fdf3fe03fbb3629c811ae57f91c018aace4c58d4ed", size = 10965, upload-time = "2025-09-05T00:35:44.583Z" },
]

[[package]]
name = "xmltodict"
version = "1.0.4"
source = { registry = "https://pypi.org/simple" }
resolution-markers = [
    "python_full_version >= '3.9'",
]
sdist = { url = "https://files.pythonhosted.org/packages/19/70/80f3b7c10d2630aa66414bf23d210386700aa390547278c789afa994fd7e/xmltodict-1.0.4.tar.gz", hash = "sha256:6d94c9f834dd9e44514162799d344d815a3a4faec913717a9ecbfa5be1bb8e61", size = 26124, upload-time = "2026-02-22T02:21:22.074Z" }
wheels = [
    { url = "https://files.pythonhosted.org/packages/38/34/98a2f52245f4d47be93b580dae5f9861ef58977d73a79eb47c58f1ad1f3a/xmltodict-1.0.4-py3-none-any.whl", hash = "sha256:a4a00d300b0e1c59fc2bfccb53d7b2e88c32f200df138a0dd2229f842497026a", size = 13580, upload-time = "2026-02-22T02:21:21.039Z" },
]
